# This file is automatically @generated by Cargo.
# It is not intended for manual editing.
version = 3

[[package]]
name = "ax25"
version = "0.3.0"
source = "registry+https://github.com/rust-lang/crates.io-index"
checksum = "97fec6189a57a9668a17aa3368d110b1451450df47b85200f43d93357fb21f3b"

[[package]]
name = "ax25_tnc"
version = "0.3.0"
source = "registry+https://github.com/rust-lang/crates.io-index"
checksum = "a6b2d028c311023847274e5dc5627bd2bafe62c12ce1408239d2117d469819bd"
dependencies = [
 "ax25",
 "libc",
]

[[package]]
name = "ax_25"
version = "0.1.0"
dependencies = [
 "ax25_tnc",
]

[[package]]
name = "libc"
version = "0.2.155"
source = "registry+https://github.com/rust-lang/crates.io-index"
checksum = "97b3888a4aecf77e811145cadf6eef5901f4782c53886191b2f693f24761847c"
